{
  "name": "r8-task",
  "version": "1.0.0",
  "lockfileVersion": 1,
  "requires": true,
  "dependencies": {
    "bollinger-bands": {
      "version": "3.0.1",
      "resolved": "https://registry.npmjs.org/bollinger-bands/-/bollinger-bands-3.0.1.tgz",
      "integrity": "sha512-DTod+FHUB6r/KPjbxwwfIDifRjbdt3U9nVbiPwELd0CbXzpslD0NwGbSE8H8E5i7Am1cLtmf4c9E7U+oej6UZQ==",
      "dev": true,
      "requires": {
        "math-array": "^1.1.2",
        "moving-averages": "^4.0.5",
        "s-deviation": "^2.0.3"
      }
    },
    "math-array": {
      "version": "1.1.2",
      "resolved": "https://registry.npmjs.org/math-array/-/math-array-1.1.2.tgz",
      "integrity": "sha512-54uCZjFRNbL4hEzUnaPYDR4MbGBFMnlUOfrk3kDfkB5v3QwaMKwZLIPIWK9WfM1skxxzfV01k05FbCEQGX/4qg==",
      "dev": true
    },
    "moving-averages": {
      "version": "4.0.5",
      "resolved": "https://registry.npmjs.org/moving-averages/-/moving-averages-4.0.5.tgz",
      "integrity": "sha512-ofrBYz5tIiN3E24a9Q5evRprvb1AQLciE4fnblpv8P0zM/pwwEdGj7GgDQwSxyrAVNe3hfzn9IB5nXi0zt92AA==",
      "dev": true
    },
    "s-deviation": {
      "version": "2.0.3",
      "resolved": "https://registry.npmjs.org/s-deviation/-/s-deviation-2.0.3.tgz",
      "integrity": "sha512-+HPtx5bqltCRCZPHmg7/qyscCbWef7un+/CxvmqNCyraSRjjdcUSfwP7RUjzFaidwfSTXVB1vYSd3q5d+s2YPw==",
      "dev": true,
      "requires": {
        "moving-averages": "^4.0.2"
      }
    }
  }
}
